// !$*UTF8*$!
{
	archiveVersion = 1;
	classes = {
	};
	objectVersion = 46;
	objects = {

/* Begin PBXBuildFile section */
		DBEE37FC1C892FDD00C2C31E /* main.m in Sources */ = {isa = PBXBuildFile; fileRef = DBEE37FB1C892FDD00C2C31E /* main.m */; };
		DBEE38041C89327900C2C31E /* ArraySolution.cpp in Sources */ = {isa = PBXBuildFile; fileRef = DBEE38021C89327900C2C31E /* ArraySolution.cpp */; };
/* End PBXBuildFile section */

/* Begin PBXCopyFilesBuildPhase section */
		DBEE37F61C892FDC00C2C31E /* CopyFiles */ = {
			isa = PBXCopyFilesBuildPhase;
			buildActionMask = 2147483647;
			dstPath = /usr/share/man/man1/;
			dstSubfolderSpec = 0;
			files = (
			);
			runOnlyForDeploymentPostprocessing = 1;
		};
/* End PBXCopyFilesBuildPhase section */

/* Begin PBXFileReference section */
		DBEE37F81C892FDC00C2C31E /* leet-code */ = {isa = PBXFileReference; explicitFileType = "compiled.mach-o.executable"; includeInIndex = 0; path = "leet-code"; sourceTree = BUILT_PRODUCTS_DIR; };
		DBEE37FB1C892FDD00C2C31E /* main.m */ = {isa = PBXFileReference; lastKnownFileType = sourcecode.c.objc; path = main.m; sourceTree = "<group>"; };
		DBEE38021C89327900C2C31E /* ArraySolution.cpp */ = {isa = PBXFileReference; fileEncoding = 4; lastKnownFileType = sourcecode.cpp.cpp; path = ArraySolution.cpp; sourceTree = "<group>"; };
		DBEE38031C89327900C2C31E /* ArraySolution.hpp */ = {isa = PBXFileReference; fileEncoding = 4; lastKnownFileType = sourcecode.cpp.h; path = ArraySolution.hpp; sourceTree = "<group>"; };
/* End PBXFileReference section */

/* Begin PBXFrameworksBuildPhase section */
		DBEE37F51C892FDC00C2C31E /* Frameworks */ = {
			isa = PBXFrameworksBuildPhase;
			buildActionMask = 2147483647;
			files = (
			);
			runOnlyForDeploymentPostprocessing = 0;
		};
/* End PBXFrameworksBuildPhase section */

/* Begin PBXGroup section */
		DBEE37EF1C892FDC00C2C31E = {
			isa = PBXGroup;
			children = (
				DBEE37FA1C892FDC00C2C31E /* leet-code */,
				DBEE37F91C892FDC00C2C31E /* Products */,
			);
			sourceTree = "<group>";
		};
		DBEE37F91C892FDC00C2C31E /* Products */ = {
			isa = PBXGroup;
			children = (
				DBEE37F81C892FDC00C2C31E /* leet-code */,
			);
			name = Products;
			sourceTree = "<group>";
		};
		DBEE37FA1C892FDC00C2C31E /* leet-code */ = {
			isa = PBXGroup;
			children = (
				DBEE37FB1C892FDD00C2C31E /* main.m */,
				DBEE38021C89327900C2C31E /* ArraySolution.cpp */,
				DBEE38031C89327900C2C31E /* ArraySolution.hpp */,
			);
			path = "leet-code";
			sourceTree = "<group>";
		};
/* End PBXGroup section */

/* Begin PBXNativeTarget section */
		DBEE37F71C892FDC00C2C31E /* leet-code */ = {
			isa = PBXNativeTarget;
			buildConfigurationList = DBEE37FF1C892FDD00C2C31E /* Build configuration list for PBXNativeTarget "leet-code" */;
			buildPhases = (
				DBEE37F41C892FDC00C2C31E /* Sources */,
				DBEE37F51C892FDC00C2C31E /* Frameworks */,
				DBEE37F61C892FDC00C2C31E /* CopyFiles */,
			);
			buildRules = (
			);
			dependencies = (
			);
			name = "leet-code";
			productName = "leet-code";
			productReference = DBEE37F81C892FDC00C2C31E /* leet-code */;
			productType = "com.apple.product-type.tool";
		};
/* End PBXNativeTarget section */

/* Begin PBXProject section */
		DBEE37F01C892FDC00C2C31E /* Project object */ = {
			isa = PBXProject;
			attributes = {
				LastUpgradeCheck = 0720;
				ORGANIZATIONNAME = com.github;
				TargetAttributes = {
					DBEE37F71C892FDC00C2C31E = {
						CreatedOnToolsVersion = 7.2;
					};
				};
			};
			buildConfigurationList = DBEE37F31C892FDC00C2C31E /* Build configuration list for PBXProject "leet-code" */;
			compatibilityVersion = "Xcode 3.2";
			developmentRegion = English;
			hasScannedForEncodings = 0;
			knownRegions = (
				en,
			);
			mainGroup = DBEE37EF1C892FDC00C2C31E;
			productRefGroup = DBEE37F91C892FDC00C2C31E /* Products */;
			projectDirPath = "";
			projectRoot = "";
			targets = (
				DBEE37F71C892FDC00C2C31E /* leet-code */,
			);
		};
/* End PBXProject section */

/* Begin PBXSourcesBuildPhase section */
		DBEE37F41C892FDC00C2C31E /* Sources */ = {
			isa = PBXSourcesBuildPhase;
			buildActionMask = 2147483647;
			files = (
				DBEE38041C89327900C2C31E /* ArraySolution.cpp in Sources */,
				DBEE37FC1C892FDD00C2C31E /* main.m in Sources */,
			);
			runOnlyForDeploymentPostprocessing = 0;
		};
/* End PBXSourcesBuildPhase section */

/* Begin XCBuildConfiguration section */
		DBEE37FD1C892FDD00C2C31E /* Debug */ = {
			isa = XCBuildConfiguration;
			buildSettings = {
				ALWAYS_SEARCH_USER_PATHS = NO;
				CLANG_CXX_LANGUAGE_STANDARD = "gnu++0x";
				CLANG_CXX_LIBRARY = "libc++";
				CLANG_ENABLE_MODULES = YES;
				CLANG_ENABLE_OBJC_ARC = YES;
				CLANG_WARN_BOOL_CONVERSION = YES;
				CLANG_WARN_CONSTANT_CONVERSION = YES;
				CLANG_WARN_DIRECT_OBJC_ISA_USAGE = YES_ERROR;
				CLANG_WARN_EMPTY_BODY = YES;
				CLANG_WARN_ENUM_CONVERSION = YES;
				CLANG_WARN_INT_CONVERSION = YES;
				CLANG_WARN_OBJC_ROOT_CLASS = YES_ERROR;
				CLANG_WARN_UNREACHABLE_CODE = YES;
				CLANG_WARN__DUPLICATE_METHOD_MATCH = YES;
				CODE_SIGN_IDENTITY = "-";
				COPY_PHASE_STRIP = NO;
				DEBUG_INFORMATION_FORMAT = dwarf;
				ENABLE_STRICT_OBJC_MSGSEND = YES;
				ENABLE_TESTABILITY = YES;
				GCC_C_LANGUAGE_STANDARD = gnu99;
				GCC_DYNAMIC_NO_PIC = NO;
				GCC_NO_COMMON_BLOCKS = YES;
				GCC_OPTIMIZATION_LEVEL = 0;
				GCC_PREPROCESSOR_DEFINITIONS = (
					"DEBUG=1",
					"$(inherited)",
				);
				GCC_WARN_64_TO_32_BIT_CONVERSION = YES;
				GCC_WARN_ABOUT_RETURN_TYPE = YES_ERROR;
				GCC_WARN_UNDECLARED_SELECTOR = YES;
				GCC_WARN_UNINITIALIZED_AUTOS = YES_AGGRESSIVE;
				GCC_WARN_UNUSED_FUNCTION = YES;
				GCC_WARN_UNUSED_VARIABLE = YES;
				MACOSX_DEPLOYMENT_TARGET = 10.10;
				MTL_ENABLE_DEBUG_INFO = YES;
				ONLY_ACTIVE_ARCH = YES;
				SDKROOT = macosx;
			};
			name = Debug;
		};
		DBEE37FE1C892FDD00C2C31E /* Release */ = {
			isa = XCBuildConfiguration;
			buildSettings = {
				ALWAYS_SEARCH_USER_PATHS = NO;
				CLANG_CXX_LANGUAGE_STANDARD = "gnu++0x";
				CLANG_CXX_LIBRARY = "libc++";
				CLANG_ENABLE_MODULES = YES;
				CLANG_ENABLE_OBJC_ARC = YES;
				CLANG_WARN_BOOL_CONVERSION = YES;
				CLANG_WARN_CONSTANT_CONVERSION = YES;
				CLANG_WARN_DIRECT_OBJC_ISA_USAGE = YES_ERROR;
				CLANG_WARN_EMPTY_BODY = YES;
				CLANG_WARN_ENUM_CONVERSION = YES;
				CLANG_WARN_INT_CONVERSION = YES;
				CLANG_WARN_OBJC_ROOT_CLASS = YES_ERROR;
				CLANG_WARN_UNREACHABLE_CODE = YES;
				CLANG_WARN__DUPLICATE_METHOD_MATCH = YES;
				CODE_SIGN_IDENTITY = "-";
				COPY_PHASE_STRIP = NO;
				DEBUG_INFORMATION_FORMAT = "dwarf-with-dsym";
				ENABLE_NS_ASSERTIONS = NO;
				ENABLE_STRICT_OBJC_MSGSEND = YES;
				GCC_C_LANGUAGE_STANDARD = gnu99;
				GCC_NO_COMMON_BLOCKS = YES;
				GCC_WARN_64_TO_32_BIT_CONVERSION = YES;
				GCC_WARN_ABOUT_RETURN_TYPE = YES_ERROR;
				GCC_WARN_UNDECLARED_SELECTOR = YES;
				GCC_WARN_UNINITIALIZED_AUTOS = YES_AGGRESSIVE;
				GCC_WARN_UNUSED_FUNCTION = YES;
				GCC_WARN_UNUSED_VARIABLE = YES;
				MACOSX_DEPLOYMENT_TARGET = 10.10;
				MTL_ENABLE_DEBUG_INFO = NO;
				SDKROOT = macosx;
			};
			name = Release;
		};
		DBEE38001C892FDD00C2C31E /* Debug */ = {
			isa = XCBuildConfiguration;
			buildSettings = {
				PRODUCT_NAME = "$(TARGET_NAME)";
			};
			name = Debug;
		};
		DBEE38011C892FDD00C2C31E /* Release */ = {
			isa = XCBuildConfiguration;
			buildSettings = {
				PRODUCT_NAME = "$(TARGET_NAME)";
			};
			name = Release;
		};
/* End XCBuildConfiguration section */

/* Begin XCConfigurationList section */
		DBEE37F31C892FDC00C2C31E /* Build configuration list for PBXProject "leet-code" */ = {
			isa = XCConfigurationList;
			buildConfigurations = (
				DBEE37FD1C892FDD00C2C31E /* Debug */,
				DBEE37FE1C892FDD00C2C31E /* Release */,
			);
			defaultConfigurationIsVisible = 0;
			defaultConfigurationName = Release;
		};
		DBEE37FF1C892FDD00C2C31E /* Build configuration list for PBXNativeTarget "leet-code" */ = {
			isa = XCConfigurationList;
			buildConfigurations = (
				DBEE38001C892FDD00C2C31E /* Debug */,
				DBEE38011C892FDD00C2C31E /* Release */,
			);
			defaultConfigurationIsVisible = 0;
			defaultConfigurationName = Release;
		};
/* End XCConfigurationList section */
	};
	rootObject = DBEE37F01C892FDC00C2C31E /* Project object */;
}
